
Microsoft Visual Studio Solution File, Format Version 12.00
# Visual Studio Version 17
VisualStudioVersion = 17.0.32014.148
MinimumVisualStudioVersion = 10.0.40219.1
Project("{9A19103F-16F7-4668-BE54-9A1E7A4F7556}") = "SoapHttp", "SoapHttp\SoapHttp.csproj", "{63B55135-CFD2-49AA-A24D-5213AB44849C}"
EndProject
Project("{9A19103F-16F7-4668-BE54-9A1E7A4F7556}") = "Client", "Client\Client.csproj", "{2DCCDE38-5DC0-49DC-AE1E-C46F9F0FC412}"
EndProject
Project("{9A19103F-16F7-4668-BE54-9A1E7A4F7556}") = "Procotol", "Procotol\Procotol.csproj", "{06C2A083-46E6-40D8-92CB-E969EEDA85C4}"
EndProject
Project("{FAE04EC0-301F-11D3-BF4B-00C04F79EFBC}") = "SoapHttpTests", "SoapHttpTests\SoapHttpTests.csproj", "{73483825-1001-4331-AF5F-FFBAB8473278}"
EndProject
Global
	GlobalSection(SolutionConfigurationPlatforms) = preSolution
		Debug|Any CPU = Debug|Any CPU
		Release|Any CPU = Release|Any CPU
	EndGlobalSection
	GlobalSection(ProjectConfigurationPlatforms) = postSolution
		{63B55135-CFD2-49AA-A24D-5213AB44849C}.Debug|Any CPU.ActiveCfg = Debug|Any CPU
		{63B55135-CFD2-49AA-A24D-5213AB44849C}.Debug|Any CPU.Build.0 = Debug|Any CPU
		{63B55135-CFD2-49AA-A24D-5213AB44849C}.Release|Any CPU.ActiveCfg = Release|Any CPU
		{63B55135-CFD2-49AA-A24D-5213AB44849C}.Release|Any CPU.Build.0 = Release|Any CPU
		{2DCCDE38-5DC0-49DC-AE1E-C46F9F0FC412}.Debug|Any CPU.ActiveCfg = Debug|Any CPU
		{2DCCDE38-5DC0-49DC-AE1E-C46F9F0FC412}.Debug|Any CPU.Build.0 = Debug|Any CPU
		{2DCCDE38-5DC0-49DC-AE1E-C46F9F0FC412}.Release|Any CPU.ActiveCfg = Release|Any CPU
		{2DCCDE38-5DC0-49DC-AE1E-C46F9F0FC412}.Release|Any CPU.Build.0 = Release|Any CPU
		{06C2A083-46E6-40D8-92CB-E969EEDA85C4}.Debug|Any CPU.ActiveCfg = Debug|Any CPU
		{06C2A083-46E6-40D8-92CB-E969EEDA85C4}.Debug|Any CPU.Build.0 = Debug|Any CPU
		{06C2A083-46E6-40D8-92CB-E969EEDA85C4}.Release|Any CPU.ActiveCfg = Release|Any CPU
		{06C2A083-46E6-40D8-92CB-E969EEDA85C4}.Release|Any CPU.Build.0 = Release|Any CPU
		{73483825-1001-4331-AF5F-FFBAB8473278}.Debug|Any CPU.ActiveCfg = Debug|Any CPU
		{73483825-1001-4331-AF5F-FFBAB8473278}.Debug|Any CPU.Build.0 = Debug|Any CPU
		{73483825-1001-4331-AF5F-FFBAB8473278}.Release|Any CPU.ActiveCfg = Release|Any CPU
		{73483825-1001-4331-AF5F-FFBAB8473278}.Release|Any CPU.Build.0 = Release|Any CPU
	EndGlobalSection
	GlobalSection(SolutionProperties) = preSolution
		HideSolutionNode = FALSE
	EndGlobalSection
	GlobalSection(ExtensibilityGlobals) = postSolution
		SolutionGuid = {8989DA24-5868-428C-BFB8-85B9F1F92759}
	EndGlobalSection
EndGlobal
